
Microsoft Visual Studio Solution File, Format Version 12.00
# Visual Studio Version 17
VisualStudioVersion = 17.0.31903.59
MinimumVisualStudioVersion = 10.0.40219.1
Project("{FAE04EC0-301F-11D3-BF4B-00C04F79EFBC}") = "NWinSnow", "src\NWinSnow\NWinSnow.csproj", "{E8F9C5B1-9D3A-4A5A-8E5F-123456789ABC}"
EndProject
Project("{FAE04EC0-301F-11D3-BF4B-00C04F79EFBC}") = "NWinSnow.Resources", "src\NWinSnow.Resources\NWinSnow.Resources.csproj", "{F1A2B3C4-5D6E-7F8A-9B0C-456789ABCDEF}"
EndProject
Project("{FAE04EC0-301F-11D3-BF4B-00C04F79EFBC}") = "NWinSnow.Tests", "tests\NWinSnow.Tests\NWinSnow.Tests.csproj", "{A1B2C3D4-E5F6-789A-BC0D-123456789DEF}"
EndProject
Project("{FAE04EC0-301F-11D3-BF4B-00C04F79EFBC}") = "NWinSnow.Benchmarks", "tests\NWinSnow.Benchmarks\NWinSnow.Benchmarks.csproj", "{B2C3D4E5-F6A7-89BC-D0E1-23456789EDEF}"
EndProject
Global
	GlobalSection(SolutionConfigurationPlatforms) = preSolution
		Debug|Any CPU = Debug|Any CPU
		Release|Any CPU = Release|Any CPU
	EndGlobalSection
	GlobalSection(ProjectConfigurationPlatforms) = postSolution
		{E8F9C5B1-9D3A-4A5A-8E5F-123456789ABC}.Debug|Any CPU.ActiveCfg = Debug|Any CPU
		{E8F9C5B1-9D3A-4A5A-8E5F-123456789ABC}.Debug|Any CPU.Build.0 = Debug|Any CPU
		{E8F9C5B1-9D3A-4A5A-8E5F-123456789ABC}.Release|Any CPU.ActiveCfg = Release|Any CPU
		{E8F9C5B1-9D3A-4A5A-8E5F-123456789ABC}.Release|Any CPU.Build.0 = Release|Any CPU
		{F1A2B3C4-5D6E-7F8A-9B0C-456789ABCDEF}.Debug|Any CPU.ActiveCfg = Debug|Any CPU
		{F1A2B3C4-5D6E-7F8A-9B0C-456789ABCDEF}.Debug|Any CPU.Build.0 = Debug|Any CPU
		{F1A2B3C4-5D6E-7F8A-9B0C-456789ABCDEF}.Release|Any CPU.ActiveCfg = Release|Any CPU
		{F1A2B3C4-5D6E-7F8A-9B0C-456789ABCDEF}.Release|Any CPU.Build.0 = Release|Any CPU
		{A1B2C3D4-E5F6-789A-BC0D-123456789DEF}.Debug|Any CPU.ActiveCfg = Debug|Any CPU
		{A1B2C3D4-E5F6-789A-BC0D-123456789DEF}.Debug|Any CPU.Build.0 = Debug|Any CPU
		{A1B2C3D4-E5F6-789A-BC0D-123456789DEF}.Release|Any CPU.ActiveCfg = Release|Any CPU
		{A1B2C3D4-E5F6-789A-BC0D-123456789DEF}.Release|Any CPU.Build.0 = Release|Any CPU
		{B2C3D4E5-F6A7-89BC-D0E1-23456789EDEF}.Debug|Any CPU.ActiveCfg = Debug|Any CPU
		{B2C3D4E5-F6A7-89BC-D0E1-23456789EDEF}.Debug|Any CPU.Build.0 = Debug|Any CPU
		{B2C3D4E5-F6A7-89BC-D0E1-23456789EDEF}.Release|Any CPU.ActiveCfg = Release|Any CPU
		{B2C3D4E5-F6A7-89BC-D0E1-23456789EDEF}.Release|Any CPU.Build.0 = Release|Any CPU
	EndGlobalSection
	GlobalSection(SolutionProperties) = preSolution
		HideSolutionNode = FALSE
	EndGlobalSection
EndGlobal
